
Microsoft Visual Studio Solution File, Format Version 12.00
# Visual Studio 2012
Project("{FAE04EC0-301F-11D3-BF4B-00C04F79EFBC}") = "MvcMovie", "MvcMovie\MvcMovie.csproj", "{48EA1ACB-8D63-47A6-9C5A-860B52C866F5}"
EndProject
Global
	GlobalSection(SolutionConfigurationPlatforms) = preSolution
		Debug|Any CPU = Debug|Any CPU
		Release|Any CPU = Release|Any CPU
	EndGlobalSection
	GlobalSection(ProjectConfigurationPlatforms) = postSolution
		{48EA1ACB-8D63-47A6-9C5A-860B52C866F5}.Debug|Any CPU.ActiveCfg = Debug|Any CPU
		{48EA1ACB-8D63-47A6-9C5A-860B52C866F5}.Debug|Any CPU.Build.0 = Debug|Any CPU
		{48EA1ACB-8D63-47A6-9C5A-860B52C866F5}.Release|Any CPU.ActiveCfg = Release|Any CPU
		{48EA1ACB-8D63-47A6-9C5A-860B52C866F5}.Release|Any CPU.Build.0 = Release|Any CPU
	EndGlobalSection
	GlobalSection(SolutionProperties) = preSolution
		HideSolutionNode = FALSE
	EndGlobalSection
EndGlobal
